
Microsoft Visual Studio Solution File, Format Version 12.00
# Visual Studio Version 17
VisualStudioVersion = 17.5.002.0
MinimumVisualStudioVersion = 10.0.40219.1
Project("{9A19103F-16F7-4668-BE54-9A1E7A4F7556}") = "Api", "Api.csproj", "{AA5FF45D-5F08-49A5-85FB-DC796AE06ABE}"
EndProject
Global
	GlobalSection(SolutionConfigurationPlatforms) = preSolution
		Debug|Any CPU = Debug|Any CPU
		Release|Any CPU = Release|Any CPU
	EndGlobalSection
	GlobalSection(ProjectConfigurationPlatforms) = postSolution
		{AA5FF45D-5F08-49A5-85FB-DC796AE06ABE}.Debug|Any CPU.ActiveCfg = Debug|Any CPU
		{AA5FF45D-5F08-49A5-85FB-DC796AE06ABE}.Debug|Any CPU.Build.0 = Debug|Any CPU
		{AA5FF45D-5F08-49A5-85FB-DC796AE06ABE}.Release|Any CPU.ActiveCfg = Release|Any CPU
		{AA5FF45D-5F08-49A5-85FB-DC796AE06ABE}.Release|Any CPU.Build.0 = Release|Any CPU
	EndGlobalSection
	GlobalSection(SolutionProperties) = preSolution
		HideSolutionNode = FALSE
	EndGlobalSection
	GlobalSection(ExtensibilityGlobals) = postSolution
		SolutionGuid = {1237335B-398A-4D5F-802E-0DE3C58D63B5}
	EndGlobalSection
EndGlobal
